PODS:
  - BIJKPlayer (0.7.16)
  - fijkplayer (0.10.1):
    - BIJKPlayer (~> 0.7.16)
    - Flutter
  - Flutter (1.0.0)
  - flutter_webrtc (0.9.17):
    - Flutter
    - Turing-WebRTC-SDK (= 104.5112.06.3)
  - fluttertoast (0.0.2):
    - Flutter
    - Toast
  - path_provider_foundation (0.0.1):
    - Flutter
    - FlutterMacOS
  - shared_preferences_foundation (0.0.1):
    - Flutter
    - FlutterMacOS
  - Toast (4.0.0)
  - Turing-WebRTC-SDK (104.5112.06.3)
  - turing_mobile (0.0.1):
    - Flutter

DEPENDENCIES:
  - fijkplayer (from `.symlinks/plugins/fijkplayer/ios`)
  - Flutter (from `Flutter`)
  - flutter_webrtc (from `.symlinks/plugins/flutter_webrtc/ios`)
  - fluttertoast (from `.symlinks/plugins/fluttertoast/ios`)
  - path_provider_foundation (from `.symlinks/plugins/path_provider_foundation/darwin`)
  - shared_preferences_foundation (from `.symlinks/plugins/shared_preferences_foundation/darwin`)
  - turing_mobile (from `.symlinks/plugins/turing_mobile/ios`)

SPEC REPOS:
  trunk:
    - BIJKPlayer
    - Toast
    - Turing-WebRTC-SDK

EXTERNAL SOURCES:
  fijkplayer:
    :path: ".symlinks/plugins/fijkplayer/ios"
  Flutter:
    :path: Flutter
  flutter_webrtc:
    :path: ".symlinks/plugins/flutter_webrtc/ios"
  fluttertoast:
    :path: ".symlinks/plugins/fluttertoast/ios"
  path_provider_foundation:
    :path: ".symlinks/plugins/path_provider_foundation/darwin"
  shared_preferences_foundation:
    :path: ".symlinks/plugins/shared_preferences_foundation/darwin"
  turing_mobile:
    :path: ".symlinks/plugins/turing_mobile/ios"

SPEC CHECKSUMS:
  BIJKPlayer: 4c5d66e5cb99ae5bade6f22a4fcc031722a81c64
  fijkplayer: 5ecf78e80cb97eed64cc170b094a4f691d9b9691
  Flutter: f04841e97a9d0b0a8025694d0796dd46242b2854
  flutter_webrtc: 8a7ba86456eda3b0ed5a765452a26e9f5d34e61a
  fluttertoast: fafc4fa4d01a6a9e4f772ecd190ffa525e9e2d9c
  path_provider_foundation: eaf5b3e458fc0e5fbb9940fb09980e853fe058b8
  shared_preferences_foundation: e2dae3258e06f44cc55f49d42024fd8dd03c590c
  Toast: 91b396c56ee72a5790816f40d3a94dd357abc196
  Turing-WebRTC-SDK: 64d74e8045a9c8f7db6b8a30b5e3e1454ec5b36f
  turing_mobile: aca02607c7fcef640e0b410d2923822c6f0a942c

PODFILE CHECKSUM: 2cbd45892f9b113729d16cf8ee39a16a03d29993

COCOAPODS: 1.12.1
